// !$*UTF8*$!
{
	archiveVersion = 1;
	classes = {
	};
	objectVersion = 50;
	objects = {

/* Begin PBXBuildFile section */
		1667B40D20CA2FDB008B464B /* AppDelegate.m in Sources */ = {isa = PBXBuildFile; fileRef = 1667B40C20CA2FDB008B464B /* AppDelegate.m */; };
		1667B41020CA2FDB008B464B /* ViewController.m in Sources */ = {isa = PBXBuildFile; fileRef = 1667B40F20CA2FDB008B464B /* ViewController.m */; };
		1667B41320CA2FDB008B464B /* Main.storyboard in Resources */ = {isa = PBXBuildFile; fileRef = 1667B41120CA2FDB008B464B /* Main.storyboard */; };
		1667B41520CA2FDC008B464B /* Assets.xcassets in Resources */ = {isa = PBXBuildFile; fileRef = 1667B41420CA2FDC008B464B /* Assets.xcassets */; };
		1667B41820CA2FDC008B464B /* LaunchScreen.storyboard in Resources */ = {isa = PBXBuildFile; fileRef = 1667B41620CA2FDC008B464B /* LaunchScreen.storyboard */; };
		1667B41B20CA2FDC008B464B /* main.m in Sources */ = {isa = PBXBuildFile; fileRef = 1667B41A20CA2FDC008B464B /* main.m */; };
		1667B42520CA2FDC008B464B /* resent50DemoTests.m in Sources */ = {isa = PBXBuildFile; fileRef = 1667B42420CA2FDC008B464B /* resent50DemoTests.m */; };
		1667B43020CA2FDC008B464B /* resent50DemoUITests.m in Sources */ = {isa = PBXBuildFile; fileRef = 1667B42F20CA2FDC008B464B /* resent50DemoUITests.m */; };
/* End PBXBuildFile section */

/* Begin PBXContainerItemProxy section */
		1667B42120CA2FDC008B464B /* PBXContainerItemProxy */ = {
			isa = PBXContainerItemProxy;
			containerPortal = 1667B40020CA2FDB008B464B /* Project object */;
			proxyType = 1;
			remoteGlobalIDString = 1667B40720CA2FDB008B464B;
			remoteInfo = resent50Demo;
		};
		1667B42C20CA2FDC008B464B /* PBXContainerItemProxy */ = {
			isa = PBXContainerItemProxy;
			containerPortal = 1667B40020CA2FDB008B464B /* Project object */;
			proxyType = 1;
			remoteGlobalIDString = 1667B40720CA2FDB008B464B;
			remoteInfo = resent50Demo;
		};
/* End PBXContainerItemProxy section */

/* Begin PBXFileReference section */
		1667B40820CA2FDB008B464B /* resent50Demo.app */ = {isa = PBXFileReference; explicitFileType = wrapper.application; includeInIndex = 0; path = resent50Demo.app; sourceTree = BUILT_PRODUCTS_DIR; };
		1667B40B20CA2FDB008B464B /* AppDelegate.h */ = {isa = PBXFileReference; lastKnownFileType = sourcecode.c.h; path = AppDelegate.h; sourceTree = "<group>"; };
		1667B40C20CA2FDB008B464B /* AppDelegate.m */ = {isa = PBXFileReference; lastKnownFileType = sourcecode.c.objc; path = AppDelegate.m; sourceTree = "<group>"; };
		1667B40E20CA2FDB008B464B /* ViewController.h */ = {isa = PBXFileReference; lastKnownFileType = sourcecode.c.h; path = ViewController.h; sourceTree = "<group>"; };
		1667B40F20CA2FDB008B464B /* ViewController.m */ = {isa = PBXFileReference; lastKnownFileType = sourcecode.c.objc; path = ViewController.m; sourceTree = "<group>"; };
		1667B41220CA2FDB008B464B /* Base */ = {isa = PBXFileReference; lastKnownFileType = file.storyboard; name = Base; path = Base.lproj/Main.storyboard; sourceTree = "<group>"; };
		1667B41420CA2FDC008B464B /* Assets.xcassets */ = {isa = PBXFileReference; lastKnownFileType = folder.assetcatalog; path = Assets.xcassets; sourceTree = "<group>"; };
		1667B41720CA2FDC008B464B /* Base */ = {isa = PBXFileReference; lastKnownFileType = file.storyboard; name = Base; path = Base.lproj/LaunchScreen.storyboard; sourceTree = "<group>"; };
		1667B41920CA2FDC008B464B /* Info.plist */ = {isa = PBXFileReference; lastKnownFileType = text.plist.xml; path = Info.plist; sourceTree = "<group>"; };
		1667B41A20CA2FDC008B464B /* main.m */ = {isa = PBXFileReference; lastKnownFileType = sourcecode.c.objc; path = main.m; sourceTree = "<group>"; };
		1667B42020CA2FDC008B464B /* resent50DemoTests.xctest */ = {isa = PBXFileReference; explicitFileType = wrapper.cfbundle; includeInIndex = 0; path = resent50DemoTests.xctest; sourceTree = BUILT_PRODUCTS_DIR; };
		1667B42420CA2FDC008B464B /* resent50DemoTests.m */ = {isa = PBXFileReference; lastKnownFileType = sourcecode.c.objc; path = resent50DemoTests.m; sourceTree = "<group>"; };
		1667B42620CA2FDC008B464B /* Info.plist */ = {isa = PBXFileReference; lastKnownFileType = text.plist.xml; path = Info.plist; sourceTree = "<group>"; };
		1667B42B20CA2FDC008B464B /* resent50DemoUITests.xctest */ = {isa = PBXFileReference; explicitFileType = wrapper.cfbundle; includeInIndex = 0; path = resent50DemoUITests.xctest; sourceTree = BUILT_PRODUCTS_DIR; };
		1667B42F20CA2FDC008B464B /* resent50DemoUITests.m */ = {isa = PBXFileReference; lastKnownFileType = sourcecode.c.objc; path = resent50DemoUITests.m; sourceTree = "<group>"; };
		1667B43120CA2FDC008B464B /* Info.plist */ = {isa = PBXFileReference; lastKnownFileType = text.plist.xml; path = Info.plist; sourceTree = "<group>"; };
/* End PBXFileReference section */

/* Begin PBXFrameworksBuildPhase section */
		1667B40520CA2FDB008B464B /* Frameworks */ = {
			isa = PBXFrameworksBuildPhase;
			buildActionMask = 2147483647;
			files = (
			);
			runOnlyForDeploymentPostprocessing = 0;
		};
		1667B41D20CA2FDC008B464B /* Frameworks */ = {
			isa = PBXFrameworksBuildPhase;
			buildActionMask = 2147483647;
			files = (
			);
			runOnlyForDeploymentPostprocessing = 0;
		};
		1667B42820CA2FDC008B464B /* Frameworks */ = {
			isa = PBXFrameworksBuildPhase;
			buildActionMask = 2147483647;
			files = (
			);
			runOnlyForDeploymentPostprocessing = 0;
		};
/* End PBXFrameworksBuildPhase section */

/* Begin PBXGroup section */
		1667B3FF20CA2FDB008B464B = {
			isa = PBXGroup;
			children = (
				1667B40A20CA2FDB008B464B /* resent50Demo */,
				1667B42320CA2FDC008B464B /* resent50DemoTests */,
				1667B42E20CA2FDC008B464B /* resent50DemoUITests */,
				1667B40920CA2FDB008B464B /* Products */,
			);
			sourceTree = "<group>";
		};
		1667B40920CA2FDB008B464B /* Products */ = {
			isa = PBXGroup;
			children = (
				1667B40820CA2FDB008B464B /* resent50Demo.app */,
				1667B42020CA2FDC008B464B /* resent50DemoTests.xctest */,
				1667B42B20CA2FDC008B464B /* resent50DemoUITests.xctest */,
			);
			name = Products;
			sourceTree = "<group>";
		};
		1667B40A20CA2FDB008B464B /* resent50Demo */ = {
			isa = PBXGroup;
			children = (
				1667B40B20CA2FDB008B464B /* AppDelegate.h */,
				1667B40C20CA2FDB008B464B /* AppDelegate.m */,
				1667B40E20CA2FDB008B464B /* ViewController.h */,
				1667B40F20CA2FDB008B464B /* ViewController.m */,
				1667B41120CA2FDB008B464B /* Main.storyboard */,
				1667B41420CA2FDC008B464B /* Assets.xcassets */,
				1667B41620CA2FDC008B464B /* LaunchScreen.storyboard */,
				1667B41920CA2FDC008B464B /* Info.plist */,
				1667B41A20CA2FDC008B464B /* main.m */,
			);
			path = resent50Demo;
			sourceTree = "<group>";
		};
		1667B42320CA2FDC008B464B /* resent50DemoTests */ = {
			isa = PBXGroup;
			children = (
				1667B42420CA2FDC008B464B /* resent50DemoTests.m */,
				1667B42620CA2FDC008B464B /* Info.plist */,
			);
			path = resent50DemoTests;
			sourceTree = "<group>";
		};
		1667B42E20CA2FDC008B464B /* resent50DemoUITests */ = {
			isa = PBXGroup;
			children = (
				1667B42F20CA2FDC008B464B /* resent50DemoUITests.m */,
				1667B43120CA2FDC008B464B /* Info.plist */,
			);
			path = resent50DemoUITests;
			sourceTree = "<group>";
		};
/* End PBXGroup section */

/* Begin PBXNativeTarget section */
		1667B40720CA2FDB008B464B /* resent50Demo */ = {
			isa = PBXNativeTarget;
			buildConfigurationList = 1667B43420CA2FDC008B464B /* Build configuration list for PBXNativeTarget "resent50Demo" */;
			buildPhases = (
				1667B40420CA2FDB008B464B /* Sources */,
				1667B40520CA2FDB008B464B /* Frameworks */,
				1667B40620CA2FDB008B464B /* Resources */,
			);
			buildRules = (
			);
			dependencies = (
			);
			name = resent50Demo;
			productName = resent50Demo;
			productReference = 1667B40820CA2FDB008B464B /* resent50Demo.app */;
			productType = "com.apple.product-type.application";
		};
		1667B41F20CA2FDC008B464B /* resent50DemoTests */ = {
			isa = PBXNativeTarget;
			buildConfigurationList = 1667B43720CA2FDC008B464B /* Build configuration list for PBXNativeTarget "resent50DemoTests" */;
			buildPhases = (
				1667B41C20CA2FDC008B464B /* Sources */,
				1667B41D20CA2FDC008B464B /* Frameworks */,
				1667B41E20CA2FDC008B464B /* Resources */,
			);
			buildRules = (
			);
			dependencies = (
				1667B42220CA2FDC008B464B /* PBXTargetDependency */,
			);
			name = resent50DemoTests;
			productName = resent50DemoTests;
			productReference = 1667B42020CA2FDC008B464B /* resent50DemoTests.xctest */;
			productType = "com.apple.product-type.bundle.unit-test";
		};
		1667B42A20CA2FDC008B464B /* resent50DemoUITests */ = {
			isa = PBXNativeTarget;
			buildConfigurationList = 1667B43A20CA2FDC008B464B /* Build configuration list for PBXNativeTarget "resent50DemoUITests" */;
			buildPhases = (
				1667B42720CA2FDC008B464B /* Sources */,
				1667B42820CA2FDC008B464B /* Frameworks */,
				1667B42920CA2FDC008B464B /* Resources */,
			);
			buildRules = (
			);
			dependencies = (
				1667B42D20CA2FDC008B464B /* PBXTargetDependency */,
			);
			name = resent50DemoUITests;
			productName = resent50DemoUITests;
			productReference = 1667B42B20CA2FDC008B464B /* resent50DemoUITests.xctest */;
			productType = "com.apple.product-type.bundle.ui-testing";
		};
/* End PBXNativeTarget section */

/* Begin PBXProject section */
		1667B40020CA2FDB008B464B /* Project object */ = {
			isa = PBXProject;
			attributes = {
				LastUpgradeCheck = 0940;
				ORGANIZATIONNAME = xia;
				TargetAttributes = {
					1667B40720CA2FDB008B464B = {
						CreatedOnToolsVersion = 9.4;
					};
					1667B41F20CA2FDC008B464B = {
						CreatedOnToolsVersion = 9.4;
						TestTargetID = 1667B40720CA2FDB008B464B;
					};
					1667B42A20CA2FDC008B464B = {
						CreatedOnToolsVersion = 9.4;
						TestTargetID = 1667B40720CA2FDB008B464B;
					};
				};
			};
			buildConfigurationList = 1667B40320CA2FDB008B464B /* Build configuration list for PBXProject "resent50Demo" */;
			compatibilityVersion = "Xcode 9.3";
			developmentRegion = en;
			hasScannedForEncodings = 0;
			knownRegions = (
				en,
				Base,
			);
			mainGroup = 1667B3FF20CA2FDB008B464B;
			productRefGroup = 1667B40920CA2FDB008B464B /* Products */;
			projectDirPath = "";
			projectRoot = "";
			targets = (
				1667B40720CA2FDB008B464B /* resent50Demo */,
				1667B41F20CA2FDC008B464B /* resent50DemoTests */,
				1667B42A20CA2FDC008B464B /* resent50DemoUITests */,
			);
		};
/* End PBXProject section */

/* Begin PBXResourcesBuildPhase section */
		1667B40620CA2FDB008B464B /* Resources */ = {
			isa = PBXResourcesBuildPhase;
			buildActionMask = 2147483647;
			files = (
				1667B41820CA2FDC008B464B /* LaunchScreen.storyboard in Resources */,
				1667B41520CA2FDC008B464B /* Assets.xcassets in Resources */,
				1667B41320CA2FDB008B464B /* Main.storyboard in Resources */,
			);
			runOnlyForDeploymentPostprocessing = 0;
		};
		1667B41E20CA2FDC008B464B /* Resources */ = {
			isa = PBXResourcesBuildPhase;
			buildActionMask = 2147483647;
			files = (
			);
			runOnlyForDeploymentPostprocessing = 0;
		};
		1667B42920CA2FDC008B464B /* Resources */ = {
			isa = PBXResourcesBuildPhase;
			buildActionMask = 2147483647;
			files = (
			);
			runOnlyForDeploymentPostprocessing = 0;
		};
/* End PBXResourcesBuildPhase section */

/* Begin PBXSourcesBuildPhase section */
		1667B40420CA2FDB008B464B /* Sources */ = {
			isa = PBXSourcesBuildPhase;
			buildActionMask = 2147483647;
			files = (
				1667B41020CA2FDB008B464B /* ViewController.m in Sources */,
				1667B41B20CA2FDC008B464B /* main.m in Sources */,
				1667B40D20CA2FDB008B464B /* AppDelegate.m in Sources */,
			);
			runOnlyForDeploymentPostprocessing = 0;
		};
		1667B41C20CA2FDC008B464B /* Sources */ = {
			isa = PBXSourcesBuildPhase;
			buildActionMask = 2147483647;
			files = (
				1667B42520CA2FDC008B464B /* resent50DemoTests.m in Sources */,
			);
			runOnlyForDeploymentPostprocessing = 0;
		};
		1667B42720CA2FDC008B464B /* Sources */ = {
			isa = PBXSourcesBuildPhase;
			buildActionMask = 2147483647;
			files = (
				1667B43020CA2FDC008B464B /* resent50DemoUITests.m in Sources */,
			);
			runOnlyForDeploymentPostprocessing = 0;
		};
/* End PBXSourcesBuildPhase section */

/* Begin PBXTargetDependency section */
		1667B42220CA2FDC008B464B /* PBXTargetDependency */ = {
			isa = PBXTargetDependency;
			target = 1667B40720CA2FDB008B464B /* resent50Demo */;
			targetProxy = 1667B42120CA2FDC008B464B /* PBXContainerItemProxy */;
		};
		1667B42D20CA2FDC008B464B /* PBXTargetDependency */ = {
			isa = PBXTargetDependency;
			target = 1667B40720CA2FDB008B464B /* resent50Demo */;
			targetProxy = 1667B42C20CA2FDC008B464B /* PBXContainerItemProxy */;
		};
/* End PBXTargetDependency section */

/* Begin PBXVariantGroup section */
		1667B41120CA2FDB008B464B /* Main.storyboard */ = {
			isa = PBXVariantGroup;
			children = (
				1667B41220CA2FDB008B464B /* Base */,
			);
			name = Main.storyboard;
			sourceTree = "<group>";
		};
		1667B41620CA2FDC008B464B /* LaunchScreen.storyboard */ = {
			isa = PBXVariantGroup;
			children = (
				1667B41720CA2FDC008B464B /* Base */,
			);
			name = LaunchScreen.storyboard;
			sourceTree = "<group>";
		};
/* End PBXVariantGroup section */

/* Begin XCBuildConfiguration section */
		1667B43220CA2FDC008B464B /* Debug */ = {
			isa = XCBuildConfiguration;
			buildSettings = {
				ALWAYS_SEARCH_USER_PATHS = NO;
				CLANG_ANALYZER_NONNULL = YES;
				CLANG_ANALYZER_NUMBER_OBJECT_CONVERSION = YES_AGGRESSIVE;
				CLANG_CXX_LANGUAGE_STANDARD = "gnu++14";
				CLANG_CXX_LIBRARY = "libc++";
				CLANG_ENABLE_MODULES = YES;
				CLANG_ENABLE_OBJC_ARC = YES;
				CLANG_ENABLE_OBJC_WEAK = YES;
				CLANG_WARN_BLOCK_CAPTURE_AUTORELEASING = YES;
				CLANG_WARN_BOOL_CONVERSION = YES;
				CLANG_WARN_COMMA = YES;
				CLANG_WARN_CONSTANT_CONVERSION = YES;
				CLANG_WARN_DEPRECATED_OBJC_IMPLEMENTATIONS = YES;
				CLANG_WARN_DIRECT_OBJC_ISA_USAGE = YES_ERROR;
				CLANG_WARN_DOCUMENTATION_COMMENTS = YES;
				CLANG_WARN_EMPTY_BODY = YES;
				CLANG_WARN_ENUM_CONVERSION = YES;
				CLANG_WARN_INFINITE_RECURSION = YES;
				CLANG_WARN_INT_CONVERSION = YES;
				CLANG_WARN_NON_LITERAL_NULL_CONVERSION = YES;
				CLANG_WARN_OBJC_IMPLICIT_RETAIN_SELF = YES;
				CLANG_WARN_OBJC_LITERAL_CONVERSION = YES;
				CLANG_WARN_OBJC_ROOT_CLASS = YES_ERROR;
				CLANG_WARN_RANGE_LOOP_ANALYSIS = YES;
				CLANG_WARN_STRICT_PROTOTYPES = YES;
				CLANG_WARN_SUSPICIOUS_MOVE = YES;
				CLANG_WARN_UNGUARDED_AVAILABILITY = YES_AGGRESSIVE;
				CLANG_WARN_UNREACHABLE_CODE = YES;
				CLANG_WARN__DUPLICATE_METHOD_MATCH = YES;
				CODE_SIGN_IDENTITY = "iPhone Developer";
				COPY_PHASE_STRIP = NO;
				DEBUG_INFORMATION_FORMAT = dwarf;
				ENABLE_STRICT_OBJC_MSGSEND = YES;
				ENABLE_TESTABILITY = YES;
				GCC_C_LANGUAGE_STANDARD = gnu11;
				GCC_DYNAMIC_NO_PIC = NO;
				GCC_NO_COMMON_BLOCKS = YES;
				GCC_OPTIMIZATION_LEVEL = 0;
				GCC_PREPROCESSOR_DEFINITIONS = (
					"DEBUG=1",
					"$(inherited)",
				);
				GCC_WARN_64_TO_32_BIT_CONVERSION = YES;
				GCC_WARN_ABOUT_RETURN_TYPE = YES_ERROR;
				GCC_WARN_UNDECLARED_SELECTOR = YES;
				GCC_WARN_UNINITIALIZED_AUTOS = YES_AGGRESSIVE;
				GCC_WARN_UNUSED_FUNCTION = YES;
				GCC_WARN_UNUSED_VARIABLE = YES;
				IPHONEOS_DEPLOYMENT_TARGET = 11.4;
				MTL_ENABLE_DEBUG_INFO = YES;
				ONLY_ACTIVE_ARCH = YES;
				SDKROOT = iphoneos;
			};
			name = Debug;
		};
		1667B43320CA2FDC008B464B /* Release */ = {
			isa = XCBuildConfiguration;
			buildSettings = {
				ALWAYS_SEARCH_USER_PATHS = NO;
				CLANG_ANALYZER_NONNULL = YES;
				CLANG_ANALYZER_NUMBER_OBJECT_CONVERSION = YES_AGGRESSIVE;
				CLANG_CXX_LANGUAGE_STANDARD = "gnu++14";
				CLANG_CXX_LIBRARY = "libc++";
				CLANG_ENABLE_MODULES = YES;
				CLANG_ENABLE_OBJC_ARC = YES;
				CLANG_ENABLE_OBJC_WEAK = YES;
				CLANG_WARN_BLOCK_CAPTURE_AUTORELEASING = YES;
				CLANG_WARN_BOOL_CONVERSION = YES;
				CLANG_WARN_COMMA = YES;
				CLANG_WARN_CONSTANT_CONVERSION = YES;
				CLANG_WARN_DEPRECATED_OBJC_IMPLEMENTATIONS = YES;
				CLANG_WARN_DIRECT_OBJC_ISA_USAGE = YES_ERROR;
				CLANG_WARN_DOCUMENTATION_COMMENTS = YES;
				CLANG_WARN_EMPTY_BODY = YES;
				CLANG_WARN_ENUM_CONVERSION = YES;
				CLANG_WARN_INFINITE_RECURSION = YES;
				CLANG_WARN_INT_CONVERSION = YES;
				CLANG_WARN_NON_LITERAL_NULL_CONVERSION = YES;
				CLANG_WARN_OBJC_IMPLICIT_RETAIN_SELF = YES;
				CLANG_WARN_OBJC_LITERAL_CONVERSION = YES;
				CLANG_WARN_OBJC_ROOT_CLASS = YES_ERROR;
				CLANG_WARN_RANGE_LOOP_ANALYSIS = YES;
				CLANG_WARN_STRICT_PROTOTYPES = YES;
				CLANG_WARN_SUSPICIOUS_MOVE = YES;
				CLANG_WARN_UNGUARDED_AVAILABILITY = YES_AGGRESSIVE;
				CLANG_WARN_UNREACHABLE_CODE = YES;
				CLANG_WARN__DUPLICATE_METHOD_MATCH = YES;
				CODE_SIGN_IDENTITY = "iPhone Developer";
				COPY_PHASE_STRIP = NO;
				DEBUG_INFORMATION_FORMAT = "dwarf-with-dsym";
				ENABLE_NS_ASSERTIONS = NO;
				ENABLE_STRICT_OBJC_MSGSEND = YES;
				GCC_C_LANGUAGE_STANDARD = gnu11;
				GCC_NO_COMMON_BLOCKS = YES;
				GCC_WARN_64_TO_32_BIT_CONVERSION = YES;
				GCC_WARN_ABOUT_RETURN_TYPE = YES_ERROR;
				GCC_WARN_UNDECLARED_SELECTOR = YES;
				GCC_WARN_UNINITIALIZED_AUTOS = YES_AGGRESSIVE;
				GCC_WARN_UNUSED_FUNCTION = YES;
				GCC_WARN_UNUSED_VARIABLE = YES;
				IPHONEOS_DEPLOYMENT_TARGET = 11.4;
				MTL_ENABLE_DEBUG_INFO = NO;
				SDKROOT = iphoneos;
				VALIDATE_PRODUCT = YES;
			};
			name = Release;
		};
		1667B43520CA2FDC008B464B /* Debug */ = {
			isa = XCBuildConfiguration;
			buildSettings = {
				ASSETCATALOG_COMPILER_APPICON_NAME = AppIcon;
				CODE_SIGN_STYLE = Automatic;
				DEVELOPMENT_TEAM = HJFP99G4PR;
				INFOPLIST_FILE = resent50Demo/Info.plist;
				LD_RUNPATH_SEARCH_PATHS = (
					"$(inherited)",
					"@executable_path/Frameworks",
				);
				PRODUCT_BUNDLE_IDENTIFIER = com.yadongHu.resent50Demo;
				PRODUCT_NAME = "$(TARGET_NAME)";
				TARGETED_DEVICE_FAMILY = "1,2";
			};
			name = Debug;
		};
		1667B43620CA2FDC008B464B /* Release */ = {
			isa = XCBuildConfiguration;
			buildSettings = {
				ASSETCATALOG_COMPILER_APPICON_NAME = AppIcon;
				CODE_SIGN_STYLE = Automatic;
				DEVELOPMENT_TEAM = HJFP99G4PR;
				INFOPLIST_FILE = resent50Demo/Info.plist;
				LD_RUNPATH_SEARCH_PATHS = (
					"$(inherited)",
					"@executable_path/Frameworks",
				);
				PRODUCT_BUNDLE_IDENTIFIER = com.yadongHu.resent50Demo;
				PRODUCT_NAME = "$(TARGET_NAME)";
				TARGETED_DEVICE_FAMILY = "1,2";
			};
			name = Release;
		};
		1667B43820CA2FDC008B464B /* Debug */ = {
			isa = XCBuildConfiguration;
			buildSettings = {
				BUNDLE_LOADER = "$(TEST_HOST)";
				CODE_SIGN_STYLE = Automatic;
				DEVELOPMENT_TEAM = HJFP99G4PR;
				INFOPLIST_FILE = resent50DemoTests/Info.plist;
				LD_RUNPATH_SEARCH_PATHS = (
					"$(inherited)",
					"@executable_path/Frameworks",
					"@loader_path/Frameworks",
				);
				PRODUCT_BUNDLE_IDENTIFIER = com.yadongHu.resent50DemoTests;
				PRODUCT_NAME = "$(TARGET_NAME)";
				TARGETED_DEVICE_FAMILY = "1,2";
				TEST_HOST = "$(BUILT_PRODUCTS_DIR)/resent50Demo.app/resent50Demo";
			};
			name = Debug;
		};
		1667B43920CA2FDC008B464B /* Release */ = {
			isa = XCBuildConfiguration;
			buildSettings = {
				BUNDLE_LOADER = "$(TEST_HOST)";
				CODE_SIGN_STYLE = Automatic;
				DEVELOPMENT_TEAM = HJFP99G4PR;
				INFOPLIST_FILE = resent50DemoTests/Info.plist;
				LD_RUNPATH_SEARCH_PATHS = (
					"$(inherited)",
					"@executable_path/Frameworks",
					"@loader_path/Frameworks",
				);
				PRODUCT_BUNDLE_IDENTIFIER = com.yadongHu.resent50DemoTests;
				PRODUCT_NAME = "$(TARGET_NAME)";
				TARGETED_DEVICE_FAMILY = "1,2";
				TEST_HOST = "$(BUILT_PRODUCTS_DIR)/resent50Demo.app/resent50Demo";
			};
			name = Release;
		};
		1667B43B20CA2FDC008B464B /* Debug */ = {
			isa = XCBuildConfiguration;
			buildSettings = {
				CODE_SIGN_STYLE = Automatic;
				DEVELOPMENT_TEAM = HJFP99G4PR;
				INFOPLIST_FILE = resent50DemoUITests/Info.plist;
				LD_RUNPATH_SEARCH_PATHS = (
					"$(inherited)",
					"@executable_path/Frameworks",
					"@loader_path/Frameworks",
				);
				PRODUCT_BUNDLE_IDENTIFIER = com.yadongHu.resent50DemoUITests;
				PRODUCT_NAME = "$(TARGET_NAME)";
				TARGETED_DEVICE_FAMILY = "1,2";
				TEST_TARGET_NAME = resent50Demo;
			};
			name = Debug;
		};
		1667B43C20CA2FDC008B464B /* Release */ = {
			isa = XCBuildConfiguration;
			buildSettings = {
				CODE_SIGN_STYLE = Automatic;
				DEVELOPMENT_TEAM = HJFP99G4PR;
				INFOPLIST_FILE = resent50DemoUITests/Info.plist;
				LD_RUNPATH_SEARCH_PATHS = (
					"$(inherited)",
					"@executable_path/Frameworks",
					"@loader_path/Frameworks",
				);
				PRODUCT_BUNDLE_IDENTIFIER = com.yadongHu.resent50DemoUITests;
				PRODUCT_NAME = "$(TARGET_NAME)";
				TARGETED_DEVICE_FAMILY = "1,2";
				TEST_TARGET_NAME = resent50Demo;
			};
			name = Release;
		};
/* End XCBuildConfiguration section */

/* Begin XCConfigurationList section */
		1667B40320CA2FDB008B464B /* Build configuration list for PBXProject "resent50Demo" */ = {
			isa = XCConfigurationList;
			buildConfigurations = (
				1667B43220CA2FDC008B464B /* Debug */,
				1667B43320CA2FDC008B464B /* Release */,
			);
			defaultConfigurationIsVisible = 0;
			defaultConfigurationName = Release;
		};
		1667B43420CA2FDC008B464B /* Build configuration list for PBXNativeTarget "resent50Demo" */ = {
			isa = XCConfigurationList;
			buildConfigurations = (
				1667B43520CA2FDC008B464B /* Debug */,
				1667B43620CA2FDC008B464B /* Release */,
			);
			defaultConfigurationIsVisible = 0;
			defaultConfigurationName = Release;
		};
		1667B43720CA2FDC008B464B /* Build configuration list for PBXNativeTarget "resent50DemoTests" */ = {
			isa = XCConfigurationList;
			buildConfigurations = (
				1667B43820CA2FDC008B464B /* Debug */,
				1667B43920CA2FDC008B464B /* Release */,
			);
			defaultConfigurationIsVisible = 0;
			defaultConfigurationName = Release;
		};
		1667B43A20CA2FDC008B464B /* Build configuration list for PBXNativeTarget "resent50DemoUITests" */ = {
			isa = XCConfigurationList;
			buildConfigurations = (
				1667B43B20CA2FDC008B464B /* Debug */,
				1667B43C20CA2FDC008B464B /* Release */,
			);
			defaultConfigurationIsVisible = 0;
			defaultConfigurationName = Release;
		};
/* End XCConfigurationList section */
	};
	rootObject = 1667B40020CA2FDB008B464B /* Project object */;
}
